
Microsoft Visual Studio Solution File, Format Version 12.00
# Visual Studio Version 16
VisualStudioVersion = 16.0.29215.179
MinimumVisualStudioVersion = 10.0.40219.1
Project("{FAE04EC0-301F-11D3-BF4B-00C04F79EFBC}") = "orszagokAdatbazis", "orszagokAdatbazis.csproj", "{649C2BFF-B23F-402D-893B-4B0C014D14A0}"
EndProject
Global
	GlobalSection(SolutionConfigurationPlatforms) = preSolution
		Debug|Any CPU = Debug|Any CPU
		Release|Any CPU = Release|Any CPU
	EndGlobalSection
	GlobalSection(ProjectConfigurationPlatforms) = postSolution
		{649C2BFF-B23F-402D-893B-4B0C014D14A0}.Debug|Any CPU.ActiveCfg = Debug|Any CPU
		{649C2BFF-B23F-402D-893B-4B0C014D14A0}.Debug|Any CPU.Build.0 = Debug|Any CPU
		{649C2BFF-B23F-402D-893B-4B0C014D14A0}.Release|Any CPU.ActiveCfg = Release|Any CPU
		{649C2BFF-B23F-402D-893B-4B0C014D14A0}.Release|Any CPU.Build.0 = Release|Any CPU
	EndGlobalSection
	GlobalSection(SolutionProperties) = preSolution
		HideSolutionNode = FALSE
	EndGlobalSection
	GlobalSection(ExtensibilityGlobals) = postSolution
		SolutionGuid = {CD6FF8AD-9A2C-474D-8522-8A666C70EC77}
	EndGlobalSection
EndGlobal
